
Microsoft Visual Studio Solution File, Format Version 12.00
# Visual Studio Version 17
VisualStudioVersion = 17.0.31903.59
MinimumVisualStudioVersion = 10.0.40219.1
Project("{FAE04EC0-301F-11D3-BF4B-00C04F79EFBC}") = "minimalProject", "minimalProject\minimalProject.csproj", "{F5C409E7-376E-40BB-B7C1-3865EDEC4157}"
EndProject
Global
	GlobalSection(SolutionConfigurationPlatforms) = preSolution
		Debug|Any CPU = Debug|Any CPU
		Release|Any CPU = Release|Any CPU
	EndGlobalSection
	GlobalSection(ProjectConfigurationPlatforms) = postSolution
		{F5C409E7-376E-40BB-B7C1-3865EDEC4157}.Debug|Any CPU.ActiveCfg = Debug|Any CPU
		{F5C409E7-376E-40BB-B7C1-3865EDEC4157}.Debug|Any CPU.Build.0 = Debug|Any CPU
		{F5C409E7-376E-40BB-B7C1-3865EDEC4157}.Release|Any CPU.ActiveCfg = Release|Any CPU
		{F5C409E7-376E-40BB-B7C1-3865EDEC4157}.Release|Any CPU.Build.0 = Release|Any CPU
	EndGlobalSection
	GlobalSection(SolutionProperties) = preSolution
		HideSolutionNode = FALSE
	EndGlobalSection
	GlobalSection(ExtensibilityGlobals) = postSolution
		SolutionGuid = {F2E29F1C-BA53-46C8-83F6-E3FC46E9102B}
	EndGlobalSection
EndGlobal
